
Microsoft Visual Studio Solution File, Format Version 12.00
# Visual Studio Version 17
VisualStudioVersion = 17.0.31903.59
MinimumVisualStudioVersion = 10.0.40219.1
Project("{FAE04EC0-301F-11D3-BF4B-00C04F79EFBC}") = "api", "api\api.csproj", "{5724863D-E91A-407E-BA20-2727A5FA209F}"
EndProject
Project("{FAE04EC0-301F-11D3-BF4B-00C04F79EFBC}") = "tests", "tests\tests.csproj", "{F5F095BC-ACEB-45A5-B472-03B701F4F18E}"
EndProject
Global
	GlobalSection(SolutionConfigurationPlatforms) = preSolution
		Debug|Any CPU = Debug|Any CPU
		Release|Any CPU = Release|Any CPU
	EndGlobalSection
	GlobalSection(SolutionProperties) = preSolution
		HideSolutionNode = FALSE
	EndGlobalSection
	GlobalSection(ProjectConfigurationPlatforms) = postSolution
		{5724863D-E91A-407E-BA20-2727A5FA209F}.Debug|Any CPU.ActiveCfg = Debug|Any CPU
		{5724863D-E91A-407E-BA20-2727A5FA209F}.Debug|Any CPU.Build.0 = Debug|Any CPU
		{5724863D-E91A-407E-BA20-2727A5FA209F}.Release|Any CPU.ActiveCfg = Release|Any CPU
		{5724863D-E91A-407E-BA20-2727A5FA209F}.Release|Any CPU.Build.0 = Release|Any CPU
		{F5F095BC-ACEB-45A5-B472-03B701F4F18E}.Debug|Any CPU.ActiveCfg = Debug|Any CPU
		{F5F095BC-ACEB-45A5-B472-03B701F4F18E}.Debug|Any CPU.Build.0 = Debug|Any CPU
		{F5F095BC-ACEB-45A5-B472-03B701F4F18E}.Release|Any CPU.ActiveCfg = Release|Any CPU
		{F5F095BC-ACEB-45A5-B472-03B701F4F18E}.Release|Any CPU.Build.0 = Release|Any CPU
	EndGlobalSection
EndGlobal
